
Microsoft Visual Studio Solution File, Format Version 12.00
# Visual Studio Version 17
VisualStudioVersion = 17.11.35312.102
MinimumVisualStudioVersion = 10.0.40219.1
Project("{9A19103F-16F7-4668-BE54-9A1E7A4F7556}") = "BACKEND", "BACKEND\BACKEND.csproj", "{640B1F4B-059A-440E-837C-97E3906631A0}"
EndProject
Project("{54A90642-561A-4BB1-A94E-469ADEE60C69}") = "FRONTEND", "FRONTEND\FRONTEND.esproj", "{9384DAC9-DEAB-45D6-98FD-04D6DD57B430}"
EndProject
Global
	GlobalSection(SolutionConfigurationPlatforms) = preSolution
		Debug|Any CPU = Debug|Any CPU
		Release|Any CPU = Release|Any CPU
	EndGlobalSection
	GlobalSection(ProjectConfigurationPlatforms) = postSolution
		{640B1F4B-059A-440E-837C-97E3906631A0}.Debug|Any CPU.ActiveCfg = Debug|Any CPU
		{640B1F4B-059A-440E-837C-97E3906631A0}.Debug|Any CPU.Build.0 = Debug|Any CPU
		{640B1F4B-059A-440E-837C-97E3906631A0}.Release|Any CPU.ActiveCfg = Release|Any CPU
		{640B1F4B-059A-440E-837C-97E3906631A0}.Release|Any CPU.Build.0 = Release|Any CPU
		{9384DAC9-DEAB-45D6-98FD-04D6DD57B430}.Debug|Any CPU.ActiveCfg = Debug|Any CPU
		{9384DAC9-DEAB-45D6-98FD-04D6DD57B430}.Debug|Any CPU.Build.0 = Debug|Any CPU
		{9384DAC9-DEAB-45D6-98FD-04D6DD57B430}.Debug|Any CPU.Deploy.0 = Debug|Any CPU
		{9384DAC9-DEAB-45D6-98FD-04D6DD57B430}.Release|Any CPU.ActiveCfg = Release|Any CPU
		{9384DAC9-DEAB-45D6-98FD-04D6DD57B430}.Release|Any CPU.Build.0 = Release|Any CPU
		{9384DAC9-DEAB-45D6-98FD-04D6DD57B430}.Release|Any CPU.Deploy.0 = Release|Any CPU
	EndGlobalSection
	GlobalSection(SolutionProperties) = preSolution
		HideSolutionNode = FALSE
	EndGlobalSection
	GlobalSection(ExtensibilityGlobals) = postSolution
		SolutionGuid = {61F66AC6-1F2F-42BA-9F76-8943079A0F2C}
	EndGlobalSection
EndGlobal
